
Microsoft Visual Studio Solution File, Format Version 12.00
# Visual Studio Version 16
VisualStudioVersion = 16.0.31005.135
MinimumVisualStudioVersion = 10.0.40219.1
Project("{FAE04EC0-301F-11D3-BF4B-00C04F79EFBC}") = "EmployeeManagement", "EmployeeManagement\EmployeeManagement.csproj", "{DC668285-6C37-4FA2-B4B4-DA6FA9C3CC36}"
EndProject
Global
	GlobalSection(SolutionConfigurationPlatforms) = preSolution
		Debug|Any CPU = Debug|Any CPU
		Release|Any CPU = Release|Any CPU
	EndGlobalSection
	GlobalSection(ProjectConfigurationPlatforms) = postSolution
		{DC668285-6C37-4FA2-B4B4-DA6FA9C3CC36}.Debug|Any CPU.ActiveCfg = Debug|Any CPU
		{DC668285-6C37-4FA2-B4B4-DA6FA9C3CC36}.Debug|Any CPU.Build.0 = Debug|Any CPU
		{DC668285-6C37-4FA2-B4B4-DA6FA9C3CC36}.Release|Any CPU.ActiveCfg = Release|Any CPU
		{DC668285-6C37-4FA2-B4B4-DA6FA9C3CC36}.Release|Any CPU.Build.0 = Release|Any CPU
	EndGlobalSection
	GlobalSection(SolutionProperties) = preSolution
		HideSolutionNode = FALSE
	EndGlobalSection
	GlobalSection(ExtensibilityGlobals) = postSolution
		SolutionGuid = {918DD439-4788-442F-938C-A246966B40EC}
	EndGlobalSection
EndGlobal
